
Microsoft Visual Studio Solution File, Format Version 12.00
# Visual Studio Version 17
VisualStudioVersion = 17.9.34723.18
MinimumVisualStudioVersion = 10.0.40219.1
Project("{FAE04EC0-301F-11D3-BF4B-00C04F79EFBC}") = "WebApi", "WebApi\WebApi.csproj", "{34080299-4A3B-4F8D-9D8F-7400872CAF2B}"
EndProject
Project("{FAE04EC0-301F-11D3-BF4B-00C04F79EFBC}") = "Business", "Business\Business.csproj", "{868EE3C9-7B54-4C34-9DFB-A94CD26BF52B}"
EndProject
Project("{FAE04EC0-301F-11D3-BF4B-00C04F79EFBC}") = "Core", "Core\Core.csproj", "{BD2B15FE-28C3-437D-8BE8-922079F16F20}"
EndProject
Project("{FAE04EC0-301F-11D3-BF4B-00C04F79EFBC}") = "Entities", "Entities\Entities.csproj", "{60876FA8-F6B8-45A4-8186-5698E7790FD2}"
EndProject
Project("{FAE04EC0-301F-11D3-BF4B-00C04F79EFBC}") = "DataAccess", "DataAccess\DataAccess.csproj", "{D64F9F96-8055-400A-985A-336622DE2B96}"
EndProject
Global
	GlobalSection(SolutionConfigurationPlatforms) = preSolution
		Debug|Any CPU = Debug|Any CPU
		Release|Any CPU = Release|Any CPU
	EndGlobalSection
	GlobalSection(ProjectConfigurationPlatforms) = postSolution
		{34080299-4A3B-4F8D-9D8F-7400872CAF2B}.Debug|Any CPU.ActiveCfg = Debug|Any CPU
		{34080299-4A3B-4F8D-9D8F-7400872CAF2B}.Debug|Any CPU.Build.0 = Debug|Any CPU
		{34080299-4A3B-4F8D-9D8F-7400872CAF2B}.Release|Any CPU.ActiveCfg = Release|Any CPU
		{34080299-4A3B-4F8D-9D8F-7400872CAF2B}.Release|Any CPU.Build.0 = Release|Any CPU
		{868EE3C9-7B54-4C34-9DFB-A94CD26BF52B}.Debug|Any CPU.ActiveCfg = Debug|Any CPU
		{868EE3C9-7B54-4C34-9DFB-A94CD26BF52B}.Debug|Any CPU.Build.0 = Debug|Any CPU
		{868EE3C9-7B54-4C34-9DFB-A94CD26BF52B}.Release|Any CPU.ActiveCfg = Release|Any CPU
		{868EE3C9-7B54-4C34-9DFB-A94CD26BF52B}.Release|Any CPU.Build.0 = Release|Any CPU
		{BD2B15FE-28C3-437D-8BE8-922079F16F20}.Debug|Any CPU.ActiveCfg = Debug|Any CPU
		{BD2B15FE-28C3-437D-8BE8-922079F16F20}.Debug|Any CPU.Build.0 = Debug|Any CPU
		{BD2B15FE-28C3-437D-8BE8-922079F16F20}.Release|Any CPU.ActiveCfg = Release|Any CPU
		{BD2B15FE-28C3-437D-8BE8-922079F16F20}.Release|Any CPU.Build.0 = Release|Any CPU
		{60876FA8-F6B8-45A4-8186-5698E7790FD2}.Debug|Any CPU.ActiveCfg = Debug|Any CPU
		{60876FA8-F6B8-45A4-8186-5698E7790FD2}.Debug|Any CPU.Build.0 = Debug|Any CPU
		{60876FA8-F6B8-45A4-8186-5698E7790FD2}.Release|Any CPU.ActiveCfg = Release|Any CPU
		{60876FA8-F6B8-45A4-8186-5698E7790FD2}.Release|Any CPU.Build.0 = Release|Any CPU
		{D64F9F96-8055-400A-985A-336622DE2B96}.Debug|Any CPU.ActiveCfg = Debug|Any CPU
		{D64F9F96-8055-400A-985A-336622DE2B96}.Debug|Any CPU.Build.0 = Debug|Any CPU
		{D64F9F96-8055-400A-985A-336622DE2B96}.Release|Any CPU.ActiveCfg = Release|Any CPU
		{D64F9F96-8055-400A-985A-336622DE2B96}.Release|Any CPU.Build.0 = Release|Any CPU
	EndGlobalSection
	GlobalSection(SolutionProperties) = preSolution
		HideSolutionNode = FALSE
	EndGlobalSection
	GlobalSection(ExtensibilityGlobals) = postSolution
		SolutionGuid = {CA6F37EE-9A82-4BF4-9C1B-A4C5919B09C6}
	EndGlobalSection
EndGlobal
